
Microsoft Visual Studio Solution File, Format Version 12.00
# Visual Studio Version 17
VisualStudioVersion = 17.11.35312.102
MinimumVisualStudioVersion = 10.0.40219.1
Project("{FAE04EC0-301F-11D3-BF4B-00C04F79EFBC}") = "ExpensePal", "ExpensePal\ExpensePal.csproj", "{91DA3250-DD56-4007-97F1-57518DE3A8D1}"
EndProject
Global
	GlobalSection(SolutionConfigurationPlatforms) = preSolution
		Debug|Any CPU = Debug|Any CPU
		Release|Any CPU = Release|Any CPU
	EndGlobalSection
	GlobalSection(ProjectConfigurationPlatforms) = postSolution
		{91DA3250-DD56-4007-97F1-57518DE3A8D1}.Debug|Any CPU.ActiveCfg = Debug|Any CPU
		{91DA3250-DD56-4007-97F1-57518DE3A8D1}.Debug|Any CPU.Build.0 = Debug|Any CPU
		{91DA3250-DD56-4007-97F1-57518DE3A8D1}.Debug|Any CPU.Deploy.0 = Debug|Any CPU
		{91DA3250-DD56-4007-97F1-57518DE3A8D1}.Release|Any CPU.ActiveCfg = Release|Any CPU
		{91DA3250-DD56-4007-97F1-57518DE3A8D1}.Release|Any CPU.Build.0 = Release|Any CPU
		{91DA3250-DD56-4007-97F1-57518DE3A8D1}.Release|Any CPU.Deploy.0 = Release|Any CPU
	EndGlobalSection
	GlobalSection(SolutionProperties) = preSolution
		HideSolutionNode = FALSE
	EndGlobalSection
	GlobalSection(ExtensibilityGlobals) = postSolution
		SolutionGuid = {A2B26752-DBD5-452F-BAC4-497E3BBCCB75}
	EndGlobalSection
EndGlobal
